# This file was generated by uv via the following command:
#    uv pip compile requirements.txt
mkdocs-material==9.7.0
    # via -r requirements.txt
pymdown-extensions==10.7.1
    # via -r requirements.txt
mkdocs-macros-plugin==1.5.0
    # via -r requirements.txt

# Additional dependencies resolved by uv
markdown==3.10
    # via pymdown-extensions
pyyaml==6.0.2
    # via mkdocs-material, pymdown-extensions
babel==2.17.0
    # via mkdocs-material
colorama==0.4.6
    # via mkdocs-material
jinja2==3.1.6
    # via mkdocs-material, mkdocs-macros-plugin
mkdocs==1.6.1
    # via mkdocs-material
pygments==2.19.2
    # via mkdocs-material
requests==2.32.5
    # via mkdocs-material
